
Microsoft Visual Studio Solution File, Format Version 12.00
# Visual Studio Version 16
VisualStudioVersion = 16.0.29728.190
MinimumVisualStudioVersion = 10.0.40219.1
Project("{FAE04EC0-301F-11D3-BF4B-00C04F79EFBC}") = "video_accurate_cut_and_merge", "video_accurate_cut_and_merge.csproj", "{30F51F6F-EDEA-41BB-9AD1-540D24206E62}"
EndProject
Global
	GlobalSection(SolutionConfigurationPlatforms) = preSolution
		Debug|Any CPU = Debug|Any CPU
		Release|Any CPU = Release|Any CPU
	EndGlobalSection
	GlobalSection(ProjectConfigurationPlatforms) = postSolution
		{30F51F6F-EDEA-41BB-9AD1-540D24206E62}.Debug|Any CPU.ActiveCfg = Debug|Any CPU
		{30F51F6F-EDEA-41BB-9AD1-540D24206E62}.Debug|Any CPU.Build.0 = Debug|Any CPU
		{30F51F6F-EDEA-41BB-9AD1-540D24206E62}.Release|Any CPU.ActiveCfg = Release|Any CPU
		{30F51F6F-EDEA-41BB-9AD1-540D24206E62}.Release|Any CPU.Build.0 = Release|Any CPU
	EndGlobalSection
	GlobalSection(SolutionProperties) = preSolution
		HideSolutionNode = FALSE
	EndGlobalSection
	GlobalSection(ExtensibilityGlobals) = postSolution
		SolutionGuid = {FC507F60-79AC-4690-B43E-FDB3FB76A9B7}
	EndGlobalSection
EndGlobal
